
Microsoft Visual Studio Solution File, Format Version 12.00
# Visual Studio Version 17
VisualStudioVersion = 17.3.32825.248
MinimumVisualStudioVersion = 10.0.40219.1
Project("{FAE04EC0-301F-11D3-BF4B-00C04F79EFBC}") = "MyWebApi", "MyWebApi.csproj", "{9A44B7B5-0D8D-44C4-95CC-BF1B34480713}"
EndProject
Global
	GlobalSection(SolutionConfigurationPlatforms) = preSolution
		Debug|Any CPU = Debug|Any CPU
		Release|Any CPU = Release|Any CPU
	EndGlobalSection
	GlobalSection(ProjectConfigurationPlatforms) = postSolution
		{9A44B7B5-0D8D-44C4-95CC-BF1B34480713}.Debug|Any CPU.ActiveCfg = Debug|Any CPU
		{9A44B7B5-0D8D-44C4-95CC-BF1B34480713}.Debug|Any CPU.Build.0 = Debug|Any CPU
		{9A44B7B5-0D8D-44C4-95CC-BF1B34480713}.Release|Any CPU.ActiveCfg = Release|Any CPU
		{9A44B7B5-0D8D-44C4-95CC-BF1B34480713}.Release|Any CPU.Build.0 = Release|Any CPU
	EndGlobalSection
	GlobalSection(SolutionProperties) = preSolution
		HideSolutionNode = FALSE
	EndGlobalSection
	GlobalSection(ExtensibilityGlobals) = postSolution
		SolutionGuid = {971DDF97-4EE4-4A40-B27C-34EA829B7416}
	EndGlobalSection
EndGlobal
